
Microsoft Visual Studio Solution File, Format Version 12.00
# Visual Studio Version 17
VisualStudioVersion = 17.5.002.0
MinimumVisualStudioVersion = 10.0.40219.1
Project("{2150E333-8FDC-42A3-9474-1A3956D46DE8}") = "csharp-prep", "csharp-prep", "{E092CBB2-CEA4-42DF-823A-D074833FB42F}"
EndProject
Project("{9A19103F-16F7-4668-BE54-9A1E7A4F7556}") = "Prep1", "csharp-prep\Prep1\Prep1.csproj", "{1240B972-2635-4D27-8B7D-0E390ED0E783}"
EndProject
Project("{9A19103F-16F7-4668-BE54-9A1E7A4F7556}") = "Prep2", "csharp-prep\Prep2\Prep2.csproj", "{7EC85A03-DD78-49CA-A370-69DC94A464D1}"
EndProject
Project("{9A19103F-16F7-4668-BE54-9A1E7A4F7556}") = "Prep3", "csharp-prep\Prep3\Prep3.csproj", "{0820A8A1-5A3C-402C-96B2-4966178026F4}"
EndProject
Project("{9A19103F-16F7-4668-BE54-9A1E7A4F7556}") = "Prep4", "csharp-prep\Prep4\Prep4.csproj", "{820D19CA-4E0F-4805-BFA0-83B984C148B7}"
EndProject
Project("{9A19103F-16F7-4668-BE54-9A1E7A4F7556}") = "Prep5", "csharp-prep\Prep5\Prep5.csproj", "{73E9054A-CA90-496B-A564-A394713AAAF9}"
EndProject
Project("{2150E333-8FDC-42A3-9474-1A3956D46DE8}") = "final", "final", "{97FDB8EB-4692-4E64-B99C-6A0AA9BC7371}"
EndProject
Project("{9A19103F-16F7-4668-BE54-9A1E7A4F7556}") = "FinalProject", "final\FinalProject\FinalProject.csproj", "{B5D84165-BF8C-4464-B829-D5FF41529F09}"
EndProject
Project("{9A19103F-16F7-4668-BE54-9A1E7A4F7556}") = "Foundation1", "final\Foundation1\Foundation1.csproj", "{99566750-EBD0-4158-A25D-74F99895909C}"
EndProject
Project("{9A19103F-16F7-4668-BE54-9A1E7A4F7556}") = "Foundation2", "final\Foundation2\Foundation2.csproj", "{C2523925-4089-4BA9-BC08-800C95B20B65}"
EndProject
Project("{9A19103F-16F7-4668-BE54-9A1E7A4F7556}") = "Foundation3", "final\Foundation3\Foundation3.csproj", "{DF61035F-929C-4426-A03F-7C0FD8DE4CBD}"
EndProject
Project("{9A19103F-16F7-4668-BE54-9A1E7A4F7556}") = "Foundation4", "final\Foundation4\Foundation4.csproj", "{0AA4D966-ACDD-4862-BC5D-727DC83CEBA5}"
EndProject
Project("{2150E333-8FDC-42A3-9474-1A3956D46DE8}") = "prepare", "prepare", "{1EA1C2AC-2B46-4A47-A360-EFA663474572}"
EndProject
Project("{9A19103F-16F7-4668-BE54-9A1E7A4F7556}") = "Learning02", "prepare\Learning02\Learning02.csproj", "{0072C9A0-680A-4D45-B488-C55BC2BF2B69}"
EndProject
Project("{9A19103F-16F7-4668-BE54-9A1E7A4F7556}") = "Learning03", "prepare\Learning03\Learning03.csproj", "{42114310-206E-4DFF-BDD7-103CA5608CB5}"
EndProject
Project("{9A19103F-16F7-4668-BE54-9A1E7A4F7556}") = "Learning04", "prepare\Learning04\Learning04.csproj", "{A234085E-8668-447C-BFE1-F589193126DA}"
EndProject
Project("{9A19103F-16F7-4668-BE54-9A1E7A4F7556}") = "Learning05", "prepare\Learning05\Learning05.csproj", "{35FFD730-3AAA-49B1-8806-CAC084CD33F8}"
EndProject
Project("{2150E333-8FDC-42A3-9474-1A3956D46DE8}") = "prove", "prove", "{0F88D23A-C916-43E1-A66F-769F84C3F9FD}"
EndProject
Project("{9A19103F-16F7-4668-BE54-9A1E7A4F7556}") = "Develop02", "prove\Develop02\Develop02.csproj", "{160F3C2C-834A-4BD8-AD9D-BD41824BB75F}"
EndProject
Project("{9A19103F-16F7-4668-BE54-9A1E7A4F7556}") = "Develop03", "prove\Develop03\Develop03.csproj", "{66B8BD3E-7DB1-4E91-AA97-742706532B61}"
EndProject
Project("{9A19103F-16F7-4668-BE54-9A1E7A4F7556}") = "Develop04", "prove\Develop04\Develop04.csproj", "{84A60643-F4AB-41BC-AB80-CDDC06C828C7}"
EndProject
Project("{9A19103F-16F7-4668-BE54-9A1E7A4F7556}") = "Develop05", "prove\Develop05\Develop05.csproj", "{2C4C5007-C0FF-40E2-A5A1-D561AA1FF5FB}"
EndProject
Project("{2150E333-8FDC-42A3-9474-1A3956D46DE8}") = "sandbox", "sandbox", "{C46C84C5-F778-4400-924D-BF9F5DB16A79}"
EndProject
Project("{9A19103F-16F7-4668-BE54-9A1E7A4F7556}") = "Sandbox", "sandbox\Sandbox\Sandbox.csproj", "{76B5DF3F-4142-4170-A6F4-1472AD31D703}"
EndProject
Global
	GlobalSection(SolutionConfigurationPlatforms) = preSolution
		Debug|Any CPU = Debug|Any CPU
		Release|Any CPU = Release|Any CPU
	EndGlobalSection
	GlobalSection(ProjectConfigurationPlatforms) = postSolution
		{1240B972-2635-4D27-8B7D-0E390ED0E783}.Debug|Any CPU.ActiveCfg = Debug|Any CPU
		{1240B972-2635-4D27-8B7D-0E390ED0E783}.Debug|Any CPU.Build.0 = Debug|Any CPU
		{1240B972-2635-4D27-8B7D-0E390ED0E783}.Release|Any CPU.ActiveCfg = Release|Any CPU
		{1240B972-2635-4D27-8B7D-0E390ED0E783}.Release|Any CPU.Build.0 = Release|Any CPU
		{7EC85A03-DD78-49CA-A370-69DC94A464D1}.Debug|Any CPU.ActiveCfg = Debug|Any CPU
		{7EC85A03-DD78-49CA-A370-69DC94A464D1}.Debug|Any CPU.Build.0 = Debug|Any CPU
		{7EC85A03-DD78-49CA-A370-69DC94A464D1}.Release|Any CPU.ActiveCfg = Release|Any CPU
		{7EC85A03-DD78-49CA-A370-69DC94A464D1}.Release|Any CPU.Build.0 = Release|Any CPU
		{0820A8A1-5A3C-402C-96B2-4966178026F4}.Debug|Any CPU.ActiveCfg = Debug|Any CPU
		{0820A8A1-5A3C-402C-96B2-4966178026F4}.Debug|Any CPU.Build.0 = Debug|Any CPU
		{0820A8A1-5A3C-402C-96B2-4966178026F4}.Release|Any CPU.ActiveCfg = Release|Any CPU
		{0820A8A1-5A3C-402C-96B2-4966178026F4}.Release|Any CPU.Build.0 = Release|Any CPU
		{820D19CA-4E0F-4805-BFA0-83B984C148B7}.Debug|Any CPU.ActiveCfg = Debug|Any CPU
		{820D19CA-4E0F-4805-BFA0-83B984C148B7}.Debug|Any CPU.Build.0 = Debug|Any CPU
		{820D19CA-4E0F-4805-BFA0-83B984C148B7}.Release|Any CPU.ActiveCfg = Release|Any CPU
		{820D19CA-4E0F-4805-BFA0-83B984C148B7}.Release|Any CPU.Build.0 = Release|Any CPU
		{73E9054A-CA90-496B-A564-A394713AAAF9}.Debug|Any CPU.ActiveCfg = Debug|Any CPU
		{73E9054A-CA90-496B-A564-A394713AAAF9}.Debug|Any CPU.Build.0 = Debug|Any CPU
		{73E9054A-CA90-496B-A564-A394713AAAF9}.Release|Any CPU.ActiveCfg = Release|Any CPU
		{73E9054A-CA90-496B-A564-A394713AAAF9}.Release|Any CPU.Build.0 = Release|Any CPU
		{B5D84165-BF8C-4464-B829-D5FF41529F09}.Debug|Any CPU.ActiveCfg = Debug|Any CPU
		{B5D84165-BF8C-4464-B829-D5FF41529F09}.Debug|Any CPU.Build.0 = Debug|Any CPU
		{B5D84165-BF8C-4464-B829-D5FF41529F09}.Release|Any CPU.ActiveCfg = Release|Any CPU
		{B5D84165-BF8C-4464-B829-D5FF41529F09}.Release|Any CPU.Build.0 = Release|Any CPU
		{99566750-EBD0-4158-A25D-74F99895909C}.Debug|Any CPU.ActiveCfg = Debug|Any CPU
		{99566750-EBD0-4158-A25D-74F99895909C}.Debug|Any CPU.Build.0 = Debug|Any CPU
		{99566750-EBD0-4158-A25D-74F99895909C}.Release|Any CPU.ActiveCfg = Release|Any CPU
		{99566750-EBD0-4158-A25D-74F99895909C}.Release|Any CPU.Build.0 = Release|Any CPU
		{C2523925-4089-4BA9-BC08-800C95B20B65}.Debug|Any CPU.ActiveCfg = Debug|Any CPU
		{C2523925-4089-4BA9-BC08-800C95B20B65}.Debug|Any CPU.Build.0 = Debug|Any CPU
		{C2523925-4089-4BA9-BC08-800C95B20B65}.Release|Any CPU.ActiveCfg = Release|Any CPU
		{C2523925-4089-4BA9-BC08-800C95B20B65}.Release|Any CPU.Build.0 = Release|Any CPU
		{DF61035F-929C-4426-A03F-7C0FD8DE4CBD}.Debug|Any CPU.ActiveCfg = Debug|Any CPU
		{DF61035F-929C-4426-A03F-7C0FD8DE4CBD}.Debug|Any CPU.Build.0 = Debug|Any CPU
		{DF61035F-929C-4426-A03F-7C0FD8DE4CBD}.Release|Any CPU.ActiveCfg = Release|Any CPU
		{DF61035F-929C-4426-A03F-7C0FD8DE4CBD}.Release|Any CPU.Build.0 = Release|Any CPU
		{0AA4D966-ACDD-4862-BC5D-727DC83CEBA5}.Debug|Any CPU.ActiveCfg = Debug|Any CPU
		{0AA4D966-ACDD-4862-BC5D-727DC83CEBA5}.Debug|Any CPU.Build.0 = Debug|Any CPU
		{0AA4D966-ACDD-4862-BC5D-727DC83CEBA5}.Release|Any CPU.ActiveCfg = Release|Any CPU
		{0AA4D966-ACDD-4862-BC5D-727DC83CEBA5}.Release|Any CPU.Build.0 = Release|Any CPU
		{0072C9A0-680A-4D45-B488-C55BC2BF2B69}.Debug|Any CPU.ActiveCfg = Debug|Any CPU
		{0072C9A0-680A-4D45-B488-C55BC2BF2B69}.Debug|Any CPU.Build.0 = Debug|Any CPU
		{0072C9A0-680A-4D45-B488-C55BC2BF2B69}.Release|Any CPU.ActiveCfg = Release|Any CPU
		{0072C9A0-680A-4D45-B488-C55BC2BF2B69}.Release|Any CPU.Build.0 = Release|Any CPU
		{42114310-206E-4DFF-BDD7-103CA5608CB5}.Debug|Any CPU.ActiveCfg = Debug|Any CPU
		{42114310-206E-4DFF-BDD7-103CA5608CB5}.Debug|Any CPU.Build.0 = Debug|Any CPU
		{42114310-206E-4DFF-BDD7-103CA5608CB5}.Release|Any CPU.ActiveCfg = Release|Any CPU
		{42114310-206E-4DFF-BDD7-103CA5608CB5}.Release|Any CPU.Build.0 = Release|Any CPU
		{A234085E-8668-447C-BFE1-F589193126DA}.Debug|Any CPU.ActiveCfg = Debug|Any CPU
		{A234085E-8668-447C-BFE1-F589193126DA}.Debug|Any CPU.Build.0 = Debug|Any CPU
		{A234085E-8668-447C-BFE1-F589193126DA}.Release|Any CPU.ActiveCfg = Release|Any CPU
		{A234085E-8668-447C-BFE1-F589193126DA}.Release|Any CPU.Build.0 = Release|Any CPU
		{35FFD730-3AAA-49B1-8806-CAC084CD33F8}.Debug|Any CPU.ActiveCfg = Debug|Any CPU
		{35FFD730-3AAA-49B1-8806-CAC084CD33F8}.Debug|Any CPU.Build.0 = Debug|Any CPU
		{35FFD730-3AAA-49B1-8806-CAC084CD33F8}.Release|Any CPU.ActiveCfg = Release|Any CPU
		{35FFD730-3AAA-49B1-8806-CAC084CD33F8}.Release|Any CPU.Build.0 = Release|Any CPU
		{160F3C2C-834A-4BD8-AD9D-BD41824BB75F}.Debug|Any CPU.ActiveCfg = Debug|Any CPU
		{160F3C2C-834A-4BD8-AD9D-BD41824BB75F}.Debug|Any CPU.Build.0 = Debug|Any CPU
		{160F3C2C-834A-4BD8-AD9D-BD41824BB75F}.Release|Any CPU.ActiveCfg = Release|Any CPU
		{160F3C2C-834A-4BD8-AD9D-BD41824BB75F}.Release|Any CPU.Build.0 = Release|Any CPU
		{66B8BD3E-7DB1-4E91-AA97-742706532B61}.Debug|Any CPU.ActiveCfg = Debug|Any CPU
		{66B8BD3E-7DB1-4E91-AA97-742706532B61}.Debug|Any CPU.Build.0 = Debug|Any CPU
		{66B8BD3E-7DB1-4E91-AA97-742706532B61}.Release|Any CPU.ActiveCfg = Release|Any CPU
		{66B8BD3E-7DB1-4E91-AA97-742706532B61}.Release|Any CPU.Build.0 = Release|Any CPU
		{84A60643-F4AB-41BC-AB80-CDDC06C828C7}.Debug|Any CPU.ActiveCfg = Debug|Any CPU
		{84A60643-F4AB-41BC-AB80-CDDC06C828C7}.Debug|Any CPU.Build.0 = Debug|Any CPU
		{84A60643-F4AB-41BC-AB80-CDDC06C828C7}.Release|Any CPU.ActiveCfg = Release|Any CPU
		{84A60643-F4AB-41BC-AB80-CDDC06C828C7}.Release|Any CPU.Build.0 = Release|Any CPU
		{2C4C5007-C0FF-40E2-A5A1-D561AA1FF5FB}.Debug|Any CPU.ActiveCfg = Debug|Any CPU
		{2C4C5007-C0FF-40E2-A5A1-D561AA1FF5FB}.Debug|Any CPU.Build.0 = Debug|Any CPU
		{2C4C5007-C0FF-40E2-A5A1-D561AA1FF5FB}.Release|Any CPU.ActiveCfg = Release|Any CPU
		{2C4C5007-C0FF-40E2-A5A1-D561AA1FF5FB}.Release|Any CPU.Build.0 = Release|Any CPU
		{76B5DF3F-4142-4170-A6F4-1472AD31D703}.Debug|Any CPU.ActiveCfg = Debug|Any CPU
		{76B5DF3F-4142-4170-A6F4-1472AD31D703}.Debug|Any CPU.Build.0 = Debug|Any CPU
		{76B5DF3F-4142-4170-A6F4-1472AD31D703}.Release|Any CPU.ActiveCfg = Release|Any CPU
		{76B5DF3F-4142-4170-A6F4-1472AD31D703}.Release|Any CPU.Build.0 = Release|Any CPU
	EndGlobalSection
	GlobalSection(SolutionProperties) = preSolution
		HideSolutionNode = FALSE
	EndGlobalSection
	GlobalSection(NestedProjects) = preSolution
		{1240B972-2635-4D27-8B7D-0E390ED0E783} = {E092CBB2-CEA4-42DF-823A-D074833FB42F}
		{7EC85A03-DD78-49CA-A370-69DC94A464D1} = {E092CBB2-CEA4-42DF-823A-D074833FB42F}
		{0820A8A1-5A3C-402C-96B2-4966178026F4} = {E092CBB2-CEA4-42DF-823A-D074833FB42F}
		{820D19CA-4E0F-4805-BFA0-83B984C148B7} = {E092CBB2-CEA4-42DF-823A-D074833FB42F}
		{73E9054A-CA90-496B-A564-A394713AAAF9} = {E092CBB2-CEA4-42DF-823A-D074833FB42F}
		{B5D84165-BF8C-4464-B829-D5FF41529F09} = {97FDB8EB-4692-4E64-B99C-6A0AA9BC7371}
		{99566750-EBD0-4158-A25D-74F99895909C} = {97FDB8EB-4692-4E64-B99C-6A0AA9BC7371}
		{C2523925-4089-4BA9-BC08-800C95B20B65} = {97FDB8EB-4692-4E64-B99C-6A0AA9BC7371}
		{DF61035F-929C-4426-A03F-7C0FD8DE4CBD} = {97FDB8EB-4692-4E64-B99C-6A0AA9BC7371}
		{0AA4D966-ACDD-4862-BC5D-727DC83CEBA5} = {97FDB8EB-4692-4E64-B99C-6A0AA9BC7371}
		{0072C9A0-680A-4D45-B488-C55BC2BF2B69} = {1EA1C2AC-2B46-4A47-A360-EFA663474572}
		{42114310-206E-4DFF-BDD7-103CA5608CB5} = {1EA1C2AC-2B46-4A47-A360-EFA663474572}
		{A234085E-8668-447C-BFE1-F589193126DA} = {1EA1C2AC-2B46-4A47-A360-EFA663474572}
		{35FFD730-3AAA-49B1-8806-CAC084CD33F8} = {1EA1C2AC-2B46-4A47-A360-EFA663474572}
		{160F3C2C-834A-4BD8-AD9D-BD41824BB75F} = {0F88D23A-C916-43E1-A66F-769F84C3F9FD}
		{66B8BD3E-7DB1-4E91-AA97-742706532B61} = {0F88D23A-C916-43E1-A66F-769F84C3F9FD}
		{84A60643-F4AB-41BC-AB80-CDDC06C828C7} = {0F88D23A-C916-43E1-A66F-769F84C3F9FD}
		{2C4C5007-C0FF-40E2-A5A1-D561AA1FF5FB} = {0F88D23A-C916-43E1-A66F-769F84C3F9FD}
		{76B5DF3F-4142-4170-A6F4-1472AD31D703} = {C46C84C5-F778-4400-924D-BF9F5DB16A79}
	EndGlobalSection
	GlobalSection(ExtensibilityGlobals) = postSolution
		SolutionGuid = {E13158F0-A3CE-49C0-8D12-7DAAB56E0C37}
	EndGlobalSection
EndGlobal
